# This file is automatically @generated by Cargo.
# It is not intended for manual editing.
version = 4

[[package]]
name = "application"
version = "0.0.0"
dependencies = [
 "domain",
]

[[package]]
name = "archive"
version = "0.0.0"
dependencies = [
 "application",
 "domain",
]

[[package]]
name = "cli"
version = "0.0.0"
dependencies = [
 "application",
 "domain",
]

[[package]]
name = "domain"
version = "0.0.0"

[[package]]
name = "environment"
version = "0.0.0"
dependencies = [
 "application",
 "domain",
]

[[package]]
name = "execution"
version = "0.0.0"
dependencies = [
 "application",
 "domain",
]

[[package]]
name = "game-platform"
version = "0.0.0"
dependencies = [
 "application",
 "domain",
]

[[package]]
name = "infrastructure"
version = "0.0.0"
dependencies = [
 "application",
 "archive",
 "domain",
 "environment",
 "execution",
 "game-platform",
 "settings",
]

[[package]]
name = "mcp"
version = "0.0.0"
dependencies = [
 "application",
 "domain",
]

[[package]]
name = "mods"
version = "0.0.0"
dependencies = [
 "cli",
 "infrastructure",
 "mcp",
]

[[package]]
name = "settings"
version = "0.0.0"
dependencies = [
 "application",
 "domain",
]
